{
  "name": "Dynamic Page Engine Example",
  "lockfileVersion": 3,
  "requires": true,
  "packages": {
    "": {
      "dependencies": {
        "dynamic-page-engine": "^1.1.1"
      }
    },
    "node_modules/dynamic-page-engine": {
      "version": "1.1.1",
      "resolved": "https://registry.npmjs.org/dynamic-page-engine/-/dynamic-page-engine-1.1.1.tgz",
      "integrity": "sha512-83NrFBupyQO51pGEdDjTFUAqgnkbSnkO9sszwUEbPPaxcAxrDC2lYfZXHECiljMjMVFDApftJai/B6141+t4JA==",
      "license": "MIT"
    }
  }
}
